
Microsoft Visual Studio Solution File, Format Version 10.00
# Visual Studio 2008
Project("{8BC9CEB8-8B4A-11D0-8D11-00A0C91BC942}") = "ddsConvert", "ddsConvert.vcproj", "{EFA847AC-5A31-4695-BDE9-28AA0EE0FCDD}"
EndProject
Global
	GlobalSection(SolutionConfigurationPlatforms) = preSolution
		Debug|Win32 = Debug|Win32
		Release|Win32 = Release|Win32
	EndGlobalSection
	GlobalSection(ProjectConfigurationPlatforms) = postSolution
		{EFA847AC-5A31-4695-BDE9-28AA0EE0FCDD}.Debug|Win32.ActiveCfg = Debug|Win32
		{EFA847AC-5A31-4695-BDE9-28AA0EE0FCDD}.Debug|Win32.Build.0 = Debug|Win32
		{EFA847AC-5A31-4695-BDE9-28AA0EE0FCDD}.Release|Win32.ActiveCfg = Release|Win32
		{EFA847AC-5A31-4695-BDE9-28AA0EE0FCDD}.Release|Win32.Build.0 = Release|Win32
	EndGlobalSection
	GlobalSection(SolutionProperties) = preSolution
		HideSolutionNode = FALSE
	EndGlobalSection
EndGlobal
